# This file is automatically @generated by Cargo.
# It is not intended for manual editing.
[[package]]
name = "byteorder"
version = "1.2.3"
source = "registry+https://github.com/rust-lang/crates.io-index"

[[package]]
name = "lazy_static"
version = "1.0.0"
source = "registry+https://github.com/rust-lang/crates.io-index"

[[package]]
name = "rlox"
version = "0.1.0"
dependencies = [
 "byteorder 1.2.3 (registry+https://github.com/rust-lang/crates.io-index)",
 "lazy_static 1.0.0 (registry+https://github.com/rust-lang/crates.io-index)",
]

[metadata]
"checksum byteorder 1.2.3 (registry+https://github.com/rust-lang/crates.io-index)" = "74c0b906e9446b0a2e4f760cdb3fa4b2c48cdc6db8766a845c54b6ff063fd2e9"
"checksum lazy_static 1.0.0 (registry+https://github.com/rust-lang/crates.io-index)" = "c8f31047daa365f19be14b47c29df4f7c3b581832407daabe6ae77397619237d"
